// !$*UTF8*$!
{
	archiveVersion = 1;
	classes = {
	};
	objectVersion = 50;
	objects = {

/* Begin PBXBuildFile section */
		260622382524E6D40019FDA5 /* AppDelegate.swift in Sources */ = {isa = PBXBuildFile; fileRef = 260622372524E6D40019FDA5 /* AppDelegate.swift */; };
		2606223F2524E6D40019FDA5 /* Main.storyboard in Resources */ = {isa = PBXBuildFile; fileRef = 2606223D2524E6D40019FDA5 /* Main.storyboard */; };
		260622422524E6D40019FDA5 /* QuizTask.xcdatamodeld in Sources */ = {isa = PBXBuildFile; fileRef = 260622402524E6D40019FDA5 /* QuizTask.xcdatamodeld */; };
		260622442524E6D90019FDA5 /* Assets.xcassets in Resources */ = {isa = PBXBuildFile; fileRef = 260622432524E6D90019FDA5 /* Assets.xcassets */; };
		260622472524E6D90019FDA5 /* LaunchScreen.storyboard in Resources */ = {isa = PBXBuildFile; fileRef = 260622452524E6D90019FDA5 /* LaunchScreen.storyboard */; };
		2656EA082525B5B100E8F476 /* ViewModel.swift in Sources */ = {isa = PBXBuildFile; fileRef = 2656EA072525B5B100E8F476 /* ViewModel.swift */; };
		2690E3D3252502F2004E6A9C /* LoginViewController.swift in Sources */ = {isa = PBXBuildFile; fileRef = 2690E3D2252502F2004E6A9C /* LoginViewController.swift */; };
		2690E3D525250445004E6A9C /* QuizViewController.swift in Sources */ = {isa = PBXBuildFile; fileRef = 2690E3D425250445004E6A9C /* QuizViewController.swift */; };
		2690E3D825250D96004E6A9C /* DetailViewController.swift in Sources */ = {isa = PBXBuildFile; fileRef = 2690E3D725250D96004E6A9C /* DetailViewController.swift */; };
		2690E3DA25250E40004E6A9C /* DetailTableViewCell.swift in Sources */ = {isa = PBXBuildFile; fileRef = 2690E3D925250E40004E6A9C /* DetailTableViewCell.swift */; };
/* End PBXBuildFile section */

/* Begin PBXFileReference section */
		260622342524E6D40019FDA5 /* QuizTask.app */ = {isa = PBXFileReference; explicitFileType = wrapper.application; includeInIndex = 0; path = QuizTask.app; sourceTree = BUILT_PRODUCTS_DIR; };
		260622372524E6D40019FDA5 /* AppDelegate.swift */ = {isa = PBXFileReference; lastKnownFileType = sourcecode.swift; path = AppDelegate.swift; sourceTree = "<group>"; };
		2606223E2524E6D40019FDA5 /* Base */ = {isa = PBXFileReference; lastKnownFileType = file.storyboard; name = Base; path = Base.lproj/Main.storyboard; sourceTree = "<group>"; };
		260622412524E6D40019FDA5 /* QuizTask.xcdatamodel */ = {isa = PBXFileReference; lastKnownFileType = wrapper.xcdatamodel; path = QuizTask.xcdatamodel; sourceTree = "<group>"; };
		260622432524E6D90019FDA5 /* Assets.xcassets */ = {isa = PBXFileReference; lastKnownFileType = folder.assetcatalog; path = Assets.xcassets; sourceTree = "<group>"; };
		260622462524E6D90019FDA5 /* Base */ = {isa = PBXFileReference; lastKnownFileType = file.storyboard; name = Base; path = Base.lproj/LaunchScreen.storyboard; sourceTree = "<group>"; };
		260622482524E6D90019FDA5 /* Info.plist */ = {isa = PBXFileReference; lastKnownFileType = text.plist.xml; path = Info.plist; sourceTree = "<group>"; };
		2656EA072525B5B100E8F476 /* ViewModel.swift */ = {isa = PBXFileReference; lastKnownFileType = sourcecode.swift; path = ViewModel.swift; sourceTree = "<group>"; };
		2690E3D2252502F2004E6A9C /* LoginViewController.swift */ = {isa = PBXFileReference; lastKnownFileType = sourcecode.swift; path = LoginViewController.swift; sourceTree = "<group>"; };
		2690E3D425250445004E6A9C /* QuizViewController.swift */ = {isa = PBXFileReference; lastKnownFileType = sourcecode.swift; path = QuizViewController.swift; sourceTree = "<group>"; };
		2690E3D725250D96004E6A9C /* DetailViewController.swift */ = {isa = PBXFileReference; lastKnownFileType = sourcecode.swift; path = DetailViewController.swift; sourceTree = "<group>"; };
		2690E3D925250E40004E6A9C /* DetailTableViewCell.swift */ = {isa = PBXFileReference; lastKnownFileType = sourcecode.swift; path = DetailTableViewCell.swift; sourceTree = "<group>"; };
/* End PBXFileReference section */

/* Begin PBXFrameworksBuildPhase section */
		260622312524E6D40019FDA5 /* Frameworks */ = {
			isa = PBXFrameworksBuildPhase;
			buildActionMask = 2147483647;
			files = (
			);
			runOnlyForDeploymentPostprocessing = 0;
		};
/* End PBXFrameworksBuildPhase section */

/* Begin PBXGroup section */
		2606222B2524E6D40019FDA5 = {
			isa = PBXGroup;
			children = (
				260622362524E6D40019FDA5 /* QuizTask */,
				260622352524E6D40019FDA5 /* Products */,
			);
			sourceTree = "<group>";
		};
		260622352524E6D40019FDA5 /* Products */ = {
			isa = PBXGroup;
			children = (
				260622342524E6D40019FDA5 /* QuizTask.app */,
			);
			name = Products;
			sourceTree = "<group>";
		};
		260622362524E6D40019FDA5 /* QuizTask */ = {
			isa = PBXGroup;
			children = (
				260622372524E6D40019FDA5 /* AppDelegate.swift */,
				2690E3D12524FFF6004E6A9C /* Model */,
				2690E3CF2524F899004E6A9C /* View */,
				2690E3D625250BF7004E6A9C /* View Model */,
				2690E3D02524F8BD004E6A9C /* Controller */,
				260622432524E6D90019FDA5 /* Assets.xcassets */,
				260622482524E6D90019FDA5 /* Info.plist */,
			);
			path = QuizTask;
			sourceTree = "<group>";
		};
		2690E3CF2524F899004E6A9C /* View */ = {
			isa = PBXGroup;
			children = (
				2606223D2524E6D40019FDA5 /* Main.storyboard */,
				260622452524E6D90019FDA5 /* LaunchScreen.storyboard */,
			);
			path = View;
			sourceTree = "<group>";
		};
		2690E3D02524F8BD004E6A9C /* Controller */ = {
			isa = PBXGroup;
			children = (
				2690E3D2252502F2004E6A9C /* LoginViewController.swift */,
				2690E3D425250445004E6A9C /* QuizViewController.swift */,
				2690E3D725250D96004E6A9C /* DetailViewController.swift */,
				2690E3D925250E40004E6A9C /* DetailTableViewCell.swift */,
			);
			path = Controller;
			sourceTree = "<group>";
		};
		2690E3D12524FFF6004E6A9C /* Model */ = {
			isa = PBXGroup;
			children = (
				260622402524E6D40019FDA5 /* QuizTask.xcdatamodeld */,
			);
			path = Model;
			sourceTree = "<group>";
		};
		2690E3D625250BF7004E6A9C /* View Model */ = {
			isa = PBXGroup;
			children = (
				2656EA072525B5B100E8F476 /* ViewModel.swift */,
			);
			path = "View Model";
			sourceTree = "<group>";
		};
/* End PBXGroup section */

/* Begin PBXNativeTarget section */
		260622332524E6D40019FDA5 /* QuizTask */ = {
			isa = PBXNativeTarget;
			buildConfigurationList = 2606224B2524E6D90019FDA5 /* Build configuration list for PBXNativeTarget "QuizTask" */;
			buildPhases = (
				260622302524E6D40019FDA5 /* Sources */,
				260622312524E6D40019FDA5 /* Frameworks */,
				260622322524E6D40019FDA5 /* Resources */,
			);
			buildRules = (
			);
			dependencies = (
			);
			name = QuizTask;
			productName = QuizTask;
			productReference = 260622342524E6D40019FDA5 /* QuizTask.app */;
			productType = "com.apple.product-type.application";
		};
/* End PBXNativeTarget section */

/* Begin PBXProject section */
		2606222C2524E6D40019FDA5 /* Project object */ = {
			isa = PBXProject;
			attributes = {
				LastSwiftUpdateCheck = 1120;
				LastUpgradeCheck = 1120;
				ORGANIZATIONNAME = Contus;
				TargetAttributes = {
					260622332524E6D40019FDA5 = {
						CreatedOnToolsVersion = 11.2.1;
					};
				};
			};
			buildConfigurationList = 2606222F2524E6D40019FDA5 /* Build configuration list for PBXProject "QuizTask" */;
			compatibilityVersion = "Xcode 9.3";
			developmentRegion = en;
			hasScannedForEncodings = 0;
			knownRegions = (
				en,
				Base,
			);
			mainGroup = 2606222B2524E6D40019FDA5;
			productRefGroup = 260622352524E6D40019FDA5 /* Products */;
			projectDirPath = "";
			projectRoot = "";
			targets = (
				260622332524E6D40019FDA5 /* QuizTask */,
			);
		};
/* End PBXProject section */

/* Begin PBXResourcesBuildPhase section */
		260622322524E6D40019FDA5 /* Resources */ = {
			isa = PBXResourcesBuildPhase;
			buildActionMask = 2147483647;
			files = (
				260622472524E6D90019FDA5 /* LaunchScreen.storyboard in Resources */,
				260622442524E6D90019FDA5 /* Assets.xcassets in Resources */,
				2606223F2524E6D40019FDA5 /* Main.storyboard in Resources */,
			);
			runOnlyForDeploymentPostprocessing = 0;
		};
/* End PBXResourcesBuildPhase section */

/* Begin PBXSourcesBuildPhase section */
		260622302524E6D40019FDA5 /* Sources */ = {
			isa = PBXSourcesBuildPhase;
			buildActionMask = 2147483647;
			files = (
				2690E3DA25250E40004E6A9C /* DetailTableViewCell.swift in Sources */,
				2690E3D3252502F2004E6A9C /* LoginViewController.swift in Sources */,
				260622422524E6D40019FDA5 /* QuizTask.xcdatamodeld in Sources */,
				2690E3D825250D96004E6A9C /* DetailViewController.swift in Sources */,
				260622382524E6D40019FDA5 /* AppDelegate.swift in Sources */,
				2690E3D525250445004E6A9C /* QuizViewController.swift in Sources */,
				2656EA082525B5B100E8F476 /* ViewModel.swift in Sources */,
			);
			runOnlyForDeploymentPostprocessing = 0;
		};
/* End PBXSourcesBuildPhase section */

/* Begin PBXVariantGroup section */
		2606223D2524E6D40019FDA5 /* Main.storyboard */ = {
			isa = PBXVariantGroup;
			children = (
				2606223E2524E6D40019FDA5 /* Base */,
			);
			name = Main.storyboard;
			sourceTree = "<group>";
		};
		260622452524E6D90019FDA5 /* LaunchScreen.storyboard */ = {
			isa = PBXVariantGroup;
			children = (
				260622462524E6D90019FDA5 /* Base */,
			);
			name = LaunchScreen.storyboard;
			sourceTree = "<group>";
		};
/* End PBXVariantGroup section */

/* Begin XCBuildConfiguration section */
		260622492524E6D90019FDA5 /* Debug */ = {
			isa = XCBuildConfiguration;
			buildSettings = {
				ALWAYS_SEARCH_USER_PATHS = NO;
				CLANG_ANALYZER_NONNULL = YES;
				CLANG_ANALYZER_NUMBER_OBJECT_CONVERSION = YES_AGGRESSIVE;
				CLANG_CXX_LANGUAGE_STANDARD = "gnu++14";
				CLANG_CXX_LIBRARY = "libc++";
				CLANG_ENABLE_MODULES = YES;
				CLANG_ENABLE_OBJC_ARC = YES;
				CLANG_ENABLE_OBJC_WEAK = YES;
				CLANG_WARN_BLOCK_CAPTURE_AUTORELEASING = YES;
				CLANG_WARN_BOOL_CONVERSION = YES;
				CLANG_WARN_COMMA = YES;
				CLANG_WARN_CONSTANT_CONVERSION = YES;
				CLANG_WARN_DEPRECATED_OBJC_IMPLEMENTATIONS = YES;
				CLANG_WARN_DIRECT_OBJC_ISA_USAGE = YES_ERROR;
				CLANG_WARN_DOCUMENTATION_COMMENTS = YES;
				CLANG_WARN_EMPTY_BODY = YES;
				CLANG_WARN_ENUM_CONVERSION = YES;
				CLANG_WARN_INFINITE_RECURSION = YES;
				CLANG_WARN_INT_CONVERSION = YES;
				CLANG_WARN_NON_LITERAL_NULL_CONVERSION = YES;
				CLANG_WARN_OBJC_IMPLICIT_RETAIN_SELF = YES;
				CLANG_WARN_OBJC_LITERAL_CONVERSION = YES;
				CLANG_WARN_OBJC_ROOT_CLASS = YES_ERROR;
				CLANG_WARN_RANGE_LOOP_ANALYSIS = YES;
				CLANG_WARN_STRICT_PROTOTYPES = YES;
				CLANG_WARN_SUSPICIOUS_MOVE = YES;
				CLANG_WARN_UNGUARDED_AVAILABILITY = YES_AGGRESSIVE;
				CLANG_WARN_UNREACHABLE_CODE = YES;
				CLANG_WARN__DUPLICATE_METHOD_MATCH = YES;
				COPY_PHASE_STRIP = NO;
				DEBUG_INFORMATION_FORMAT = dwarf;
				ENABLE_STRICT_OBJC_MSGSEND = YES;
				ENABLE_TESTABILITY = YES;
				GCC_C_LANGUAGE_STANDARD = gnu11;
				GCC_DYNAMIC_NO_PIC = NO;
				GCC_NO_COMMON_BLOCKS = YES;
				GCC_OPTIMIZATION_LEVEL = 0;
				GCC_PREPROCESSOR_DEFINITIONS = (
					"DEBUG=1",
					"$(inherited)",
				);
				GCC_WARN_64_TO_32_BIT_CONVERSION = YES;
				GCC_WARN_ABOUT_RETURN_TYPE = YES_ERROR;
				GCC_WARN_UNDECLARED_SELECTOR = YES;
				GCC_WARN_UNINITIALIZED_AUTOS = YES_AGGRESSIVE;
				GCC_WARN_UNUSED_FUNCTION = YES;
				GCC_WARN_UNUSED_VARIABLE = YES;
				IPHONEOS_DEPLOYMENT_TARGET = 13.2;
				MTL_ENABLE_DEBUG_INFO = INCLUDE_SOURCE;
				MTL_FAST_MATH = YES;
				ONLY_ACTIVE_ARCH = YES;
				SDKROOT = iphoneos;
				SWIFT_ACTIVE_COMPILATION_CONDITIONS = DEBUG;
				SWIFT_OPTIMIZATION_LEVEL = "-Onone";
			};
			name = Debug;
		};
		2606224A2524E6D90019FDA5 /* Release */ = {
			isa = XCBuildConfiguration;
			buildSettings = {
				ALWAYS_SEARCH_USER_PATHS = NO;
				CLANG_ANALYZER_NONNULL = YES;
				CLANG_ANALYZER_NUMBER_OBJECT_CONVERSION = YES_AGGRESSIVE;
				CLANG_CXX_LANGUAGE_STANDARD = "gnu++14";
				CLANG_CXX_LIBRARY = "libc++";
				CLANG_ENABLE_MODULES = YES;
				CLANG_ENABLE_OBJC_ARC = YES;
				CLANG_ENABLE_OBJC_WEAK = YES;
				CLANG_WARN_BLOCK_CAPTURE_AUTORELEASING = YES;
				CLANG_WARN_BOOL_CONVERSION = YES;
				CLANG_WARN_COMMA = YES;
				CLANG_WARN_CONSTANT_CONVERSION = YES;
				CLANG_WARN_DEPRECATED_OBJC_IMPLEMENTATIONS = YES;
				CLANG_WARN_DIRECT_OBJC_ISA_USAGE = YES_ERROR;
				CLANG_WARN_DOCUMENTATION_COMMENTS = YES;
				CLANG_WARN_EMPTY_BODY = YES;
				CLANG_WARN_ENUM_CONVERSION = YES;
				CLANG_WARN_INFINITE_RECURSION = YES;
				CLANG_WARN_INT_CONVERSION = YES;
				CLANG_WARN_NON_LITERAL_NULL_CONVERSION = YES;
				CLANG_WARN_OBJC_IMPLICIT_RETAIN_SELF = YES;
				CLANG_WARN_OBJC_LITERAL_CONVERSION = YES;
				CLANG_WARN_OBJC_ROOT_CLASS = YES_ERROR;
				CLANG_WARN_RANGE_LOOP_ANALYSIS = YES;
				CLANG_WARN_STRICT_PROTOTYPES = YES;
				CLANG_WARN_SUSPICIOUS_MOVE = YES;
				CLANG_WARN_UNGUARDED_AVAILABILITY = YES_AGGRESSIVE;
				CLANG_WARN_UNREACHABLE_CODE = YES;
				CLANG_WARN__DUPLICATE_METHOD_MATCH = YES;
				COPY_PHASE_STRIP = NO;
				DEBUG_INFORMATION_FORMAT = "dwarf-with-dsym";
				ENABLE_NS_ASSERTIONS = NO;
				ENABLE_STRICT_OBJC_MSGSEND = YES;
				GCC_C_LANGUAGE_STANDARD = gnu11;
				GCC_NO_COMMON_BLOCKS = YES;
				GCC_WARN_64_TO_32_BIT_CONVERSION = YES;
				GCC_WARN_ABOUT_RETURN_TYPE = YES_ERROR;
				GCC_WARN_UNDECLARED_SELECTOR = YES;
				GCC_WARN_UNINITIALIZED_AUTOS = YES_AGGRESSIVE;
				GCC_WARN_UNUSED_FUNCTION = YES;
				GCC_WARN_UNUSED_VARIABLE = YES;
				IPHONEOS_DEPLOYMENT_TARGET = 13.2;
				MTL_ENABLE_DEBUG_INFO = NO;
				MTL_FAST_MATH = YES;
				SDKROOT = iphoneos;
				SWIFT_COMPILATION_MODE = wholemodule;
				SWIFT_OPTIMIZATION_LEVEL = "-O";
				VALIDATE_PRODUCT = YES;
			};
			name = Release;
		};
		2606224C2524E6D90019FDA5 /* Debug */ = {
			isa = XCBuildConfiguration;
			buildSettings = {
				ASSETCATALOG_COMPILER_APPICON_NAME = AppIcon;
				CODE_SIGN_STYLE = Automatic;
				INFOPLIST_FILE = QuizTask/Info.plist;
				LD_RUNPATH_SEARCH_PATHS = (
					"$(inherited)",
					"@executable_path/Frameworks",
				);
				PRODUCT_BUNDLE_IDENTIFIER = com.sample.dev.QuizTask;
				PRODUCT_NAME = "$(TARGET_NAME)";
				SWIFT_VERSION = 5.0;
				TARGETED_DEVICE_FAMILY = "1,2";
			};
			name = Debug;
		};
		2606224D2524E6D90019FDA5 /* Release */ = {
			isa = XCBuildConfiguration;
			buildSettings = {
				ASSETCATALOG_COMPILER_APPICON_NAME = AppIcon;
				CODE_SIGN_STYLE = Automatic;
				INFOPLIST_FILE = QuizTask/Info.plist;
				LD_RUNPATH_SEARCH_PATHS = (
					"$(inherited)",
					"@executable_path/Frameworks",
				);
				PRODUCT_BUNDLE_IDENTIFIER = com.sample.dev.QuizTask;
				PRODUCT_NAME = "$(TARGET_NAME)";
				SWIFT_VERSION = 5.0;
				TARGETED_DEVICE_FAMILY = "1,2";
			};
			name = Release;
		};
/* End XCBuildConfiguration section */

/* Begin XCConfigurationList section */
		2606222F2524E6D40019FDA5 /* Build configuration list for PBXProject "QuizTask" */ = {
			isa = XCConfigurationList;
			buildConfigurations = (
				260622492524E6D90019FDA5 /* Debug */,
				2606224A2524E6D90019FDA5 /* Release */,
			);
			defaultConfigurationIsVisible = 0;
			defaultConfigurationName = Release;
		};
		2606224B2524E6D90019FDA5 /* Build configuration list for PBXNativeTarget "QuizTask" */ = {
			isa = XCConfigurationList;
			buildConfigurations = (
				2606224C2524E6D90019FDA5 /* Debug */,
				2606224D2524E6D90019FDA5 /* Release */,
			);
			defaultConfigurationIsVisible = 0;
			defaultConfigurationName = Release;
		};
/* End XCConfigurationList section */

/* Begin XCVersionGroup section */
		260622402524E6D40019FDA5 /* QuizTask.xcdatamodeld */ = {
			isa = XCVersionGroup;
			children = (
				260622412524E6D40019FDA5 /* QuizTask.xcdatamodel */,
			);
			currentVersion = 260622412524E6D40019FDA5 /* QuizTask.xcdatamodel */;
			path = QuizTask.xcdatamodeld;
			sourceTree = "<group>";
			versionGroupType = wrapper.xcdatamodel;
		};
/* End XCVersionGroup section */
	};
	rootObject = 2606222C2524E6D40019FDA5 /* Project object */;
}
